
Microsoft Visual Studio Solution File, Format Version 12.00
# Visual Studio Version 17
VisualStudioVersion = 17.7.34009.444
MinimumVisualStudioVersion = 10.0.40219.1
Project("{FAE04EC0-301F-11D3-BF4B-00C04F79EFBC}") = "QuanLyNhaSach", "QuanLyNhaSach\QuanLyNhaSach.csproj", "{783AD74C-6B3C-4B9F-AED4-8E521E1E250C}"
EndProject
Global
	GlobalSection(SolutionConfigurationPlatforms) = preSolution
		Debug|Any CPU = Debug|Any CPU
		Release|Any CPU = Release|Any CPU
	EndGlobalSection
	GlobalSection(ProjectConfigurationPlatforms) = postSolution
		{783AD74C-6B3C-4B9F-AED4-8E521E1E250C}.Debug|Any CPU.ActiveCfg = Debug|Any CPU
		{783AD74C-6B3C-4B9F-AED4-8E521E1E250C}.Debug|Any CPU.Build.0 = Debug|Any CPU
		{783AD74C-6B3C-4B9F-AED4-8E521E1E250C}.Release|Any CPU.ActiveCfg = Release|Any CPU
		{783AD74C-6B3C-4B9F-AED4-8E521E1E250C}.Release|Any CPU.Build.0 = Release|Any CPU
	EndGlobalSection
	GlobalSection(SolutionProperties) = preSolution
		HideSolutionNode = FALSE
	EndGlobalSection
	GlobalSection(ExtensibilityGlobals) = postSolution
		SolutionGuid = {82EC4C3E-E3FA-4632-B781-A43E338BFBF0}
	EndGlobalSection
EndGlobal
